PODS:
  - IQKeyboardManagerSwift (6.5.11)
  - OpenCV (4.3.0)
  - SnapKit (5.6.0)
  - TensorFlowLiteTaskVision (0.4.3)

DEPENDENCIES:
  - IQKeyboardManagerSwift
  - OpenCV
  - SnapKit
  - TensorFlowLiteTaskVision

SPEC REPOS:
  trunk:
    - IQKeyboardManagerSwift
    - OpenCV
    - SnapKit
    - TensorFlowLiteTaskVision

SPEC CHECKSUMS:
  IQKeyboardManagerSwift: c7955c0bdbf7b2eb29bb7daaa44e3d90f55a9a85
  OpenCV: 681e0451c1e54c5930a8922277f817ed5d5ab459
  SnapKit: e01d52ebb8ddbc333eefe2132acf85c8227d9c25
  TensorFlowLiteTaskVision: 125d5b49d325ba2cf3938454da5f74a1cbfe0552

PODFILE CHECKSUM: 3072fc8b865db6036940b38d4b02ba59805fdf00

COCOAPODS: 1.12.0
