// !$*UTF8*$!
{
	archiveVersion = 1;
	classes = {
	};
	objectVersion = 56;
	objects = {

/* Begin PBXBuildFile section */
		276ACA188E692D620449012C /* Pods_QBoss.framework in Frameworks */ = {isa = PBXBuildFile; fileRef = 3D7EE39D45947F3AF1DB3837 /* Pods_QBoss.framework */; };
		FC0121C129DD7DC2004D0B1A /* BoundingBoxCalculator.swift in Sources */ = {isa = PBXBuildFile; fileRef = FC0121C029DD7DC2004D0B1A /* BoundingBoxCalculator.swift */; };
		FC0121C329DD803D004D0B1A /* Fonts.swift in Sources */ = {isa = PBXBuildFile; fileRef = FC0121C229DD803D004D0B1A /* Fonts.swift */; };
		FC0E1CA429DEF545002EA33D /* DetectionProcessorHelper.swift in Sources */ = {isa = PBXBuildFile; fileRef = FC0E1CA329DEF545002EA33D /* DetectionProcessorHelper.swift */; };
		FC0E1CA729DF506A002EA33D /* ScanScreenProtocols.swift in Sources */ = {isa = PBXBuildFile; fileRef = FC0E1CA629DF506A002EA33D /* ScanScreenProtocols.swift */; };
		FC0EABA629DC5D8B00FEE645 /* ObjectDetectionHelper.swift in Sources */ = {isa = PBXBuildFile; fileRef = FC0EABA529DC5D8B00FEE645 /* ObjectDetectionHelper.swift */; };
		FC0EABA829DC5E4100FEE645 /* containerDetection.tflite in Resources */ = {isa = PBXBuildFile; fileRef = FC0EABA729DC5E4100FEE645 /* containerDetection.tflite */; };
		FC0EABAA29DC608F00FEE645 /* TFManger.swift in Sources */ = {isa = PBXBuildFile; fileRef = FC0EABA929DC608F00FEE645 /* TFManger.swift */; };
		FC0EABAD29DC651200FEE645 /* OverlayView.swift in Sources */ = {isa = PBXBuildFile; fileRef = FC0EABAC29DC651200FEE645 /* OverlayView.swift */; };
		FC29031C29E064B5008FA328 /* OpenCVWrapper.mm in Sources */ = {isa = PBXBuildFile; fileRef = FC29031729E064B5008FA328 /* OpenCVWrapper.mm */; };
		FC29031D29E064B5008FA328 /* ImageTextRecognizer.swift in Sources */ = {isa = PBXBuildFile; fileRef = FC29031929E064B5008FA328 /* ImageTextRecognizer.swift */; };
		FC29031E29E064B5008FA328 /* ImageToTextProcessor.swift in Sources */ = {isa = PBXBuildFile; fileRef = FC29031A29E064B5008FA328 /* ImageToTextProcessor.swift */; };
		FC3B236829DAF25300297529 /* ContainersList.swift in Sources */ = {isa = PBXBuildFile; fileRef = FC3B236729DAF25300297529 /* ContainersList.swift */; };
		FC3B236B29DB116C00297529 /* EndpointsTextField.swift in Sources */ = {isa = PBXBuildFile; fileRef = FC3B236A29DB116C00297529 /* EndpointsTextField.swift */; };
		FC60D1B129D48E7700A2359D /* AppDelegate.swift in Sources */ = {isa = PBXBuildFile; fileRef = FC60D1B029D48E7700A2359D /* AppDelegate.swift */; };
		FC60D1B329D48E7700A2359D /* SceneDelegate.swift in Sources */ = {isa = PBXBuildFile; fileRef = FC60D1B229D48E7700A2359D /* SceneDelegate.swift */; };
		FC60D1BA29D48E7800A2359D /* Assets.xcassets in Resources */ = {isa = PBXBuildFile; fileRef = FC60D1B929D48E7800A2359D /* Assets.xcassets */; };
		FC60D1BD29D48E7800A2359D /* LaunchScreen.storyboard in Resources */ = {isa = PBXBuildFile; fileRef = FC60D1BB29D48E7800A2359D /* LaunchScreen.storyboard */; };
		FC60D1CC29D4930C00A2359D /* Localizable.strings in Resources */ = {isa = PBXBuildFile; fileRef = FC60D1CB29D4930C00A2359D /* Localizable.strings */; };
		FC60D1D029D4939400A2359D /* Strings+Generated.swift in Sources */ = {isa = PBXBuildFile; fileRef = FC60D1CE29D4939400A2359D /* Strings+Generated.swift */; };
		FC60D1D129D4939400A2359D /* XCAssets+Generated.swift in Sources */ = {isa = PBXBuildFile; fileRef = FC60D1CF29D4939400A2359D /* XCAssets+Generated.swift */; };
		FC60D1DF29D49CA000A2359D /* WelcomePresenter.swift in Sources */ = {isa = PBXBuildFile; fileRef = FC60D1DC29D49CA000A2359D /* WelcomePresenter.swift */; };
		FC60D1E029D49CA000A2359D /* WelcomeRouter.swift in Sources */ = {isa = PBXBuildFile; fileRef = FC60D1DD29D49CA000A2359D /* WelcomeRouter.swift */; };
		FC60D1E129D49CA000A2359D /* WelcomeViewController.swift in Sources */ = {isa = PBXBuildFile; fileRef = FC60D1DE29D49CA000A2359D /* WelcomeViewController.swift */; };
		FC60D1E429D4DD5200A2359D /* ScanViewController.swift in Sources */ = {isa = PBXBuildFile; fileRef = FC60D1E329D4DD5200A2359D /* ScanViewController.swift */; };
		FC60D1E729D4ED4F00A2359D /* ContainersListViewController.swift in Sources */ = {isa = PBXBuildFile; fileRef = FC60D1E629D4ED4F00A2359D /* ContainersListViewController.swift */; };
		FC60D1EE29D5870600A2359D /* UITableView+Extension.swift in Sources */ = {isa = PBXBuildFile; fileRef = FC60D1ED29D5870600A2359D /* UITableView+Extension.swift */; };
		FC60D1F029D58A7600A2359D /* ScannedContainerTableViewCell.swift in Sources */ = {isa = PBXBuildFile; fileRef = FC60D1EF29D58A7600A2359D /* ScannedContainerTableViewCell.swift */; };
		FC60D1F229D58B1500A2359D /* ScannedContainerModel.swift in Sources */ = {isa = PBXBuildFile; fileRef = FC60D1F129D58B1500A2359D /* ScannedContainerModel.swift */; };
		FC60D1F429D5AFBA00A2359D /* Images.swift in Sources */ = {isa = PBXBuildFile; fileRef = FC60D1F329D5AFBA00A2359D /* Images.swift */; };
		FC60D1F829D5B7BD00A2359D /* ContainersListPresenter.swift in Sources */ = {isa = PBXBuildFile; fileRef = FC60D1F729D5B7BD00A2359D /* ContainersListPresenter.swift */; };
		FC60D1FC29D5DA3D00A2359D /* String+Extension.swift in Sources */ = {isa = PBXBuildFile; fileRef = FC60D1FB29D5DA3D00A2359D /* String+Extension.swift */; };
		FC8091F129D6E6EB00D02816 /* PreviewView.swift in Sources */ = {isa = PBXBuildFile; fileRef = FC8091F029D6E6EB00D02816 /* PreviewView.swift */; };
		FC8091F329D6E82300D02816 /* ContainersListRouter.swift in Sources */ = {isa = PBXBuildFile; fileRef = FC8091F229D6E82300D02816 /* ContainersListRouter.swift */; };
		FC8091F529D6EB6F00D02816 /* CameraFeedManager.swift in Sources */ = {isa = PBXBuildFile; fileRef = FC8091F429D6EB6F00D02816 /* CameraFeedManager.swift */; };
		FC8091F729D7055200D02816 /* ScanPresenter.swift in Sources */ = {isa = PBXBuildFile; fileRef = FC8091F629D7055200D02816 /* ScanPresenter.swift */; };
		FC8091F929D706E500D02816 /* ScanRouter.swift in Sources */ = {isa = PBXBuildFile; fileRef = FC8091F829D706E500D02816 /* ScanRouter.swift */; };
		FC8091FB29D7147000D02816 /* StartHelper.swift in Sources */ = {isa = PBXBuildFile; fileRef = FC8091FA29D7147000D02816 /* StartHelper.swift */; };
		FC80920229D8883C00D02816 /* AlertActions.swift in Sources */ = {isa = PBXBuildFile; fileRef = FC80920129D8883C00D02816 /* AlertActions.swift */; };
		FC87D36729E6B28400F63532 /* CISValidator.swift in Sources */ = {isa = PBXBuildFile; fileRef = FC87D36629E6B28400F63532 /* CISValidator.swift */; };
		FCD6ACBB29E56C440021D9A3 /* ContainerBoundingBoxModel.swift in Sources */ = {isa = PBXBuildFile; fileRef = FCD6ACBA29E56C440021D9A3 /* ContainerBoundingBoxModel.swift */; };
		FCF74F1B29DB555F00A64908 /* PermissionManager.swift in Sources */ = {isa = PBXBuildFile; fileRef = FCF74F1A29DB555F00A64908 /* PermissionManager.swift */; };
		FCF74F1D29DB567E00A64908 /* UserDefault+Extension.swift in Sources */ = {isa = PBXBuildFile; fileRef = FCF74F1C29DB567E00A64908 /* UserDefault+Extension.swift */; };
/* End PBXBuildFile section */

/* Begin PBXFileReference section */
		3D7EE39D45947F3AF1DB3837 /* Pods_QBoss.framework */ = {isa = PBXFileReference; explicitFileType = wrapper.framework; includeInIndex = 0; path = Pods_QBoss.framework; sourceTree = BUILT_PRODUCTS_DIR; };
		452300851C88202814E220B1 /* Pods-QBoss.release.xcconfig */ = {isa = PBXFileReference; includeInIndex = 1; lastKnownFileType = text.xcconfig; name = "Pods-QBoss.release.xcconfig"; path = "Target Support Files/Pods-QBoss/Pods-QBoss.release.xcconfig"; sourceTree = "<group>"; };
		F987E87F423FFE560C796D4C /* Pods-QBoss.debug.xcconfig */ = {isa = PBXFileReference; includeInIndex = 1; lastKnownFileType = text.xcconfig; name = "Pods-QBoss.debug.xcconfig"; path = "Target Support Files/Pods-QBoss/Pods-QBoss.debug.xcconfig"; sourceTree = "<group>"; };
		FC0121C029DD7DC2004D0B1A /* BoundingBoxCalculator.swift */ = {isa = PBXFileReference; lastKnownFileType = sourcecode.swift; path = BoundingBoxCalculator.swift; sourceTree = "<group>"; };
		FC0121C229DD803D004D0B1A /* Fonts.swift */ = {isa = PBXFileReference; lastKnownFileType = sourcecode.swift; path = Fonts.swift; sourceTree = "<group>"; };
		FC0E1CA329DEF545002EA33D /* DetectionProcessorHelper.swift */ = {isa = PBXFileReference; lastKnownFileType = sourcecode.swift; path = DetectionProcessorHelper.swift; sourceTree = "<group>"; };
		FC0E1CA629DF506A002EA33D /* ScanScreenProtocols.swift */ = {isa = PBXFileReference; lastKnownFileType = sourcecode.swift; path = ScanScreenProtocols.swift; sourceTree = "<group>"; };
		FC0EABA529DC5D8B00FEE645 /* ObjectDetectionHelper.swift */ = {isa = PBXFileReference; fileEncoding = 4; lastKnownFileType = sourcecode.swift; path = ObjectDetectionHelper.swift; sourceTree = "<group>"; };
		FC0EABA729DC5E4100FEE645 /* containerDetection.tflite */ = {isa = PBXFileReference; lastKnownFileType = file; path = containerDetection.tflite; sourceTree = "<group>"; };
		FC0EABA929DC608F00FEE645 /* TFManger.swift */ = {isa = PBXFileReference; lastKnownFileType = sourcecode.swift; path = TFManger.swift; sourceTree = "<group>"; };
		FC0EABAC29DC651200FEE645 /* OverlayView.swift */ = {isa = PBXFileReference; fileEncoding = 4; lastKnownFileType = sourcecode.swift; path = OverlayView.swift; sourceTree = "<group>"; };
		FC29031729E064B5008FA328 /* OpenCVWrapper.mm */ = {isa = PBXFileReference; fileEncoding = 4; lastKnownFileType = sourcecode.cpp.objcpp; path = OpenCVWrapper.mm; sourceTree = "<group>"; };
		FC29031829E064B5008FA328 /* BridgingHeader.h */ = {isa = PBXFileReference; fileEncoding = 4; lastKnownFileType = sourcecode.c.h; path = BridgingHeader.h; sourceTree = "<group>"; };
		FC29031929E064B5008FA328 /* ImageTextRecognizer.swift */ = {isa = PBXFileReference; fileEncoding = 4; lastKnownFileType = sourcecode.swift; path = ImageTextRecognizer.swift; sourceTree = "<group>"; };
		FC29031A29E064B5008FA328 /* ImageToTextProcessor.swift */ = {isa = PBXFileReference; fileEncoding = 4; lastKnownFileType = sourcecode.swift; path = ImageToTextProcessor.swift; sourceTree = "<group>"; };
		FC29031B29E064B5008FA328 /* OpenCVWrapper.h */ = {isa = PBXFileReference; fileEncoding = 4; lastKnownFileType = sourcecode.c.h; path = OpenCVWrapper.h; sourceTree = "<group>"; };
		FC3B236729DAF25300297529 /* ContainersList.swift */ = {isa = PBXFileReference; lastKnownFileType = sourcecode.swift; path = ContainersList.swift; sourceTree = "<group>"; };
		FC3B236A29DB116C00297529 /* EndpointsTextField.swift */ = {isa = PBXFileReference; lastKnownFileType = sourcecode.swift; path = EndpointsTextField.swift; sourceTree = "<group>"; };
		FC60D1AD29D48E7700A2359D /* QBoss.app */ = {isa = PBXFileReference; explicitFileType = wrapper.application; includeInIndex = 0; path = QBoss.app; sourceTree = BUILT_PRODUCTS_DIR; };
		FC60D1B029D48E7700A2359D /* AppDelegate.swift */ = {isa = PBXFileReference; lastKnownFileType = sourcecode.swift; path = AppDelegate.swift; sourceTree = "<group>"; };
		FC60D1B229D48E7700A2359D /* SceneDelegate.swift */ = {isa = PBXFileReference; lastKnownFileType = sourcecode.swift; path = SceneDelegate.swift; sourceTree = "<group>"; };
		FC60D1B929D48E7800A2359D /* Assets.xcassets */ = {isa = PBXFileReference; lastKnownFileType = folder.assetcatalog; path = Assets.xcassets; sourceTree = "<group>"; };
		FC60D1BC29D48E7800A2359D /* Base */ = {isa = PBXFileReference; lastKnownFileType = file.storyboard; name = Base; path = Base.lproj/LaunchScreen.storyboard; sourceTree = "<group>"; };
		FC60D1BE29D48E7800A2359D /* Info.plist */ = {isa = PBXFileReference; lastKnownFileType = text.plist.xml; path = Info.plist; sourceTree = "<group>"; };
		FC60D1CB29D4930C00A2359D /* Localizable.strings */ = {isa = PBXFileReference; lastKnownFileType = text.plist.strings; path = Localizable.strings; sourceTree = "<group>"; };
		FC60D1CE29D4939400A2359D /* Strings+Generated.swift */ = {isa = PBXFileReference; fileEncoding = 4; lastKnownFileType = sourcecode.swift; path = "Strings+Generated.swift"; sourceTree = "<group>"; };
		FC60D1CF29D4939400A2359D /* XCAssets+Generated.swift */ = {isa = PBXFileReference; fileEncoding = 4; lastKnownFileType = sourcecode.swift; path = "XCAssets+Generated.swift"; sourceTree = "<group>"; };
		FC60D1DC29D49CA000A2359D /* WelcomePresenter.swift */ = {isa = PBXFileReference; fileEncoding = 4; lastKnownFileType = sourcecode.swift; path = WelcomePresenter.swift; sourceTree = "<group>"; };
		FC60D1DD29D49CA000A2359D /* WelcomeRouter.swift */ = {isa = PBXFileReference; fileEncoding = 4; lastKnownFileType = sourcecode.swift; path = WelcomeRouter.swift; sourceTree = "<group>"; };
		FC60D1DE29D49CA000A2359D /* WelcomeViewController.swift */ = {isa = PBXFileReference; fileEncoding = 4; lastKnownFileType = sourcecode.swift; path = WelcomeViewController.swift; sourceTree = "<group>"; };
		FC60D1E329D4DD5200A2359D /* ScanViewController.swift */ = {isa = PBXFileReference; lastKnownFileType = sourcecode.swift; path = ScanViewController.swift; sourceTree = "<group>"; };
		FC60D1E629D4ED4F00A2359D /* ContainersListViewController.swift */ = {isa = PBXFileReference; lastKnownFileType = sourcecode.swift; path = ContainersListViewController.swift; sourceTree = "<group>"; };
		FC60D1ED29D5870600A2359D /* UITableView+Extension.swift */ = {isa = PBXFileReference; lastKnownFileType = sourcecode.swift; path = "UITableView+Extension.swift"; sourceTree = "<group>"; };
		FC60D1EF29D58A7600A2359D /* ScannedContainerTableViewCell.swift */ = {isa = PBXFileReference; lastKnownFileType = sourcecode.swift; path = ScannedContainerTableViewCell.swift; sourceTree = "<group>"; };
		FC60D1F129D58B1500A2359D /* ScannedContainerModel.swift */ = {isa = PBXFileReference; lastKnownFileType = sourcecode.swift; path = ScannedContainerModel.swift; sourceTree = "<group>"; };
		FC60D1F329D5AFBA00A2359D /* Images.swift */ = {isa = PBXFileReference; lastKnownFileType = sourcecode.swift; path = Images.swift; sourceTree = "<group>"; };
		FC60D1F729D5B7BD00A2359D /* ContainersListPresenter.swift */ = {isa = PBXFileReference; lastKnownFileType = sourcecode.swift; path = ContainersListPresenter.swift; sourceTree = "<group>"; };
		FC60D1FB29D5DA3D00A2359D /* String+Extension.swift */ = {isa = PBXFileReference; lastKnownFileType = sourcecode.swift; path = "String+Extension.swift"; sourceTree = "<group>"; };
		FC8091F029D6E6EB00D02816 /* PreviewView.swift */ = {isa = PBXFileReference; lastKnownFileType = sourcecode.swift; path = PreviewView.swift; sourceTree = "<group>"; };
		FC8091F229D6E82300D02816 /* ContainersListRouter.swift */ = {isa = PBXFileReference; lastKnownFileType = sourcecode.swift; path = ContainersListRouter.swift; sourceTree = "<group>"; };
		FC8091F429D6EB6F00D02816 /* CameraFeedManager.swift */ = {isa = PBXFileReference; fileEncoding = 4; lastKnownFileType = sourcecode.swift; path = CameraFeedManager.swift; sourceTree = "<group>"; };
		FC8091F629D7055200D02816 /* ScanPresenter.swift */ = {isa = PBXFileReference; lastKnownFileType = sourcecode.swift; path = ScanPresenter.swift; sourceTree = "<group>"; };
		FC8091F829D706E500D02816 /* ScanRouter.swift */ = {isa = PBXFileReference; lastKnownFileType = sourcecode.swift; path = ScanRouter.swift; sourceTree = "<group>"; };
		FC8091FA29D7147000D02816 /* StartHelper.swift */ = {isa = PBXFileReference; lastKnownFileType = sourcecode.swift; path = StartHelper.swift; sourceTree = "<group>"; };
		FC80920129D8883C00D02816 /* AlertActions.swift */ = {isa = PBXFileReference; lastKnownFileType = sourcecode.swift; path = AlertActions.swift; sourceTree = "<group>"; };
		FC87D36629E6B28400F63532 /* CISValidator.swift */ = {isa = PBXFileReference; lastKnownFileType = sourcecode.swift; path = CISValidator.swift; sourceTree = "<group>"; };
		FCD6ACBA29E56C440021D9A3 /* ContainerBoundingBoxModel.swift */ = {isa = PBXFileReference; lastKnownFileType = sourcecode.swift; path = ContainerBoundingBoxModel.swift; sourceTree = "<group>"; };
		FCF74F1A29DB555F00A64908 /* PermissionManager.swift */ = {isa = PBXFileReference; lastKnownFileType = sourcecode.swift; path = PermissionManager.swift; sourceTree = "<group>"; };
		FCF74F1C29DB567E00A64908 /* UserDefault+Extension.swift */ = {isa = PBXFileReference; lastKnownFileType = sourcecode.swift; path = "UserDefault+Extension.swift"; sourceTree = "<group>"; };
/* End PBXFileReference section */

/* Begin PBXFrameworksBuildPhase section */
		FC60D1AA29D48E7700A2359D /* Frameworks */ = {
			isa = PBXFrameworksBuildPhase;
			buildActionMask = 2147483647;
			files = (
				276ACA188E692D620449012C /* Pods_QBoss.framework in Frameworks */,
			);
			runOnlyForDeploymentPostprocessing = 0;
		};
/* End PBXFrameworksBuildPhase section */

/* Begin PBXGroup section */
		31EF7BAB4515FF05FE756287 /* Pods */ = {
			isa = PBXGroup;
			children = (
				F987E87F423FFE560C796D4C /* Pods-QBoss.debug.xcconfig */,
				452300851C88202814E220B1 /* Pods-QBoss.release.xcconfig */,
			);
			path = Pods;
			sourceTree = "<group>";
		};
		8B1FEFE3C13F94CEE93AFB2D /* Frameworks */ = {
			isa = PBXGroup;
			children = (
				3D7EE39D45947F3AF1DB3837 /* Pods_QBoss.framework */,
			);
			name = Frameworks;
			sourceTree = "<group>";
		};
		FC0121BF29DD7D95004D0B1A /* OverlayView */ = {
			isa = PBXGroup;
			children = (
				FC0EABAC29DC651200FEE645 /* OverlayView.swift */,
			);
			path = OverlayView;
			sourceTree = "<group>";
		};
		FC0E1CA529DEFB14002EA33D /* Helpers */ = {
			isa = PBXGroup;
			children = (
				FC0121C029DD7DC2004D0B1A /* BoundingBoxCalculator.swift */,
				FC0E1CA329DEF545002EA33D /* DetectionProcessorHelper.swift */,
				FC87D36629E6B28400F63532 /* CISValidator.swift */,
			);
			path = Helpers;
			sourceTree = "<group>";
		};
		FC0EABA429DC5D6700FEE645 /* TFLite */ = {
			isa = PBXGroup;
			children = (
				FC0EABA729DC5E4100FEE645 /* containerDetection.tflite */,
				FC0EABA529DC5D8B00FEE645 /* ObjectDetectionHelper.swift */,
				FC0EABA929DC608F00FEE645 /* TFManger.swift */,
			);
			path = TFLite;
			sourceTree = "<group>";
		};
		FC0EABAB29DC64F600FEE645 /* Views */ = {
			isa = PBXGroup;
			children = (
				FC0121BF29DD7D95004D0B1A /* OverlayView */,
				FC60D1FE29D6E64100A2359D /* CameraFeed */,
			);
			path = Views;
			sourceTree = "<group>";
		};
		FC3B236629DAF20400297529 /* Views */ = {
			isa = PBXGroup;
			children = (
				FC60D1EF29D58A7600A2359D /* ScannedContainerTableViewCell.swift */,
			);
			path = Views;
			sourceTree = "<group>";
		};
		FC3B236929DB113C00297529 /* CustomViews */ = {
			isa = PBXGroup;
			children = (
				FC3B236729DAF25300297529 /* ContainersList.swift */,
				FC3B236A29DB116C00297529 /* EndpointsTextField.swift */,
			);
			path = CustomViews;
			sourceTree = "<group>";
		};
		FC60D1A429D48E7700A2359D = {
			isa = PBXGroup;
			children = (
				FC60D1AF29D48E7700A2359D /* QBoss */,
				FC60D1AE29D48E7700A2359D /* Products */,
				31EF7BAB4515FF05FE756287 /* Pods */,
				8B1FEFE3C13F94CEE93AFB2D /* Frameworks */,
			);
			sourceTree = "<group>";
		};
		FC60D1AE29D48E7700A2359D /* Products */ = {
			isa = PBXGroup;
			children = (
				FC60D1AD29D48E7700A2359D /* QBoss.app */,
			);
			name = Products;
			sourceTree = "<group>";
		};
		FC60D1AF29D48E7700A2359D /* QBoss */ = {
			isa = PBXGroup;
			children = (
				FC72723D29E235B600957316 /* OpenCV */,
				FC0EABA429DC5D6700FEE645 /* TFLite */,
				FC60D1EC29D586B400A2359D /* Extensions */,
				FC60D1E829D4F5C500A2359D /* Models */,
				FC60D1DA29D49C7D00A2359D /* Screens */,
				FC60D1CD29D4932900A2359D /* Swiftgen */,
				FC8091FA29D7147000D02816 /* StartHelper.swift */,
				FC60D1B029D48E7700A2359D /* AppDelegate.swift */,
				FC60D1B229D48E7700A2359D /* SceneDelegate.swift */,
				FC60D1B929D48E7800A2359D /* Assets.xcassets */,
				FC60D1BB29D48E7800A2359D /* LaunchScreen.storyboard */,
				FC60D1BE29D48E7800A2359D /* Info.plist */,
				FC60D1CB29D4930C00A2359D /* Localizable.strings */,
			);
			path = QBoss;
			sourceTree = "<group>";
		};
		FC60D1CD29D4932900A2359D /* Swiftgen */ = {
			isa = PBXGroup;
			children = (
				FC60D1CE29D4939400A2359D /* Strings+Generated.swift */,
				FC60D1CF29D4939400A2359D /* XCAssets+Generated.swift */,
			);
			path = Swiftgen;
			sourceTree = "<group>";
		};
		FC60D1DA29D49C7D00A2359D /* Screens */ = {
			isa = PBXGroup;
			children = (
				FC3B236929DB113C00297529 /* CustomViews */,
				FC60D1DB29D49C8600A2359D /* Welcome */,
				FC60D1E229D4DD3000A2359D /* Scan */,
				FC60D1E529D4ED1F00A2359D /* ContainersList */,
			);
			path = Screens;
			sourceTree = "<group>";
		};
		FC60D1DB29D49C8600A2359D /* Welcome */ = {
			isa = PBXGroup;
			children = (
				FC60D1DE29D49CA000A2359D /* WelcomeViewController.swift */,
				FC60D1DC29D49CA000A2359D /* WelcomePresenter.swift */,
				FC60D1DD29D49CA000A2359D /* WelcomeRouter.swift */,
				FCF74F1A29DB555F00A64908 /* PermissionManager.swift */,
			);
			path = Welcome;
			sourceTree = "<group>";
		};
		FC60D1E229D4DD3000A2359D /* Scan */ = {
			isa = PBXGroup;
			children = (
				FC0E1CA529DEFB14002EA33D /* Helpers */,
				FC0EABAB29DC64F600FEE645 /* Views */,
				FC60D1E329D4DD5200A2359D /* ScanViewController.swift */,
				FC8091F629D7055200D02816 /* ScanPresenter.swift */,
				FC8091F829D706E500D02816 /* ScanRouter.swift */,
				FC0E1CA629DF506A002EA33D /* ScanScreenProtocols.swift */,
			);
			path = Scan;
			sourceTree = "<group>";
		};
		FC60D1E529D4ED1F00A2359D /* ContainersList */ = {
			isa = PBXGroup;
			children = (
				FC3B236629DAF20400297529 /* Views */,
				FC60D1E629D4ED4F00A2359D /* ContainersListViewController.swift */,
				FC60D1F729D5B7BD00A2359D /* ContainersListPresenter.swift */,
				FC8091F229D6E82300D02816 /* ContainersListRouter.swift */,
			);
			path = ContainersList;
			sourceTree = "<group>";
		};
		FC60D1E829D4F5C500A2359D /* Models */ = {
			isa = PBXGroup;
			children = (
				FC60D1F129D58B1500A2359D /* ScannedContainerModel.swift */,
				FCD6ACBA29E56C440021D9A3 /* ContainerBoundingBoxModel.swift */,
			);
			path = Models;
			sourceTree = "<group>";
		};
		FC60D1EC29D586B400A2359D /* Extensions */ = {
			isa = PBXGroup;
			children = (
				FC60D1ED29D5870600A2359D /* UITableView+Extension.swift */,
				FC60D1F329D5AFBA00A2359D /* Images.swift */,
				FC60D1FB29D5DA3D00A2359D /* String+Extension.swift */,
				FC80920129D8883C00D02816 /* AlertActions.swift */,
				FCF74F1C29DB567E00A64908 /* UserDefault+Extension.swift */,
				FC0121C229DD803D004D0B1A /* Fonts.swift */,
			);
			path = Extensions;
			sourceTree = "<group>";
		};
		FC60D1FE29D6E64100A2359D /* CameraFeed */ = {
			isa = PBXGroup;
			children = (
				FC8091F429D6EB6F00D02816 /* CameraFeedManager.swift */,
				FC8091F029D6E6EB00D02816 /* PreviewView.swift */,
			);
			path = CameraFeed;
			sourceTree = "<group>";
		};
		FC72723D29E235B600957316 /* OpenCV */ = {
			isa = PBXGroup;
			children = (
				FC29031829E064B5008FA328 /* BridgingHeader.h */,
				FC29031929E064B5008FA328 /* ImageTextRecognizer.swift */,
				FC29031A29E064B5008FA328 /* ImageToTextProcessor.swift */,
				FC29031B29E064B5008FA328 /* OpenCVWrapper.h */,
				FC29031729E064B5008FA328 /* OpenCVWrapper.mm */,
			);
			path = OpenCV;
			sourceTree = "<group>";
		};
/* End PBXGroup section */

/* Begin PBXNativeTarget section */
		FC60D1AC29D48E7700A2359D /* QBoss */ = {
			isa = PBXNativeTarget;
			buildConfigurationList = FC60D1C129D48E7800A2359D /* Build configuration list for PBXNativeTarget "QBoss" */;
			buildPhases = (
				272D8A48777BB94BC5DB760B /* [CP] Check Pods Manifest.lock */,
				FC60D1A929D48E7700A2359D /* Sources */,
				FC60D1AA29D48E7700A2359D /* Frameworks */,
				FC60D1AB29D48E7700A2359D /* Resources */,
				3EB374D57F36F626586A6E19 /* [CP] Embed Pods Frameworks */,
			);
			buildRules = (
			);
			dependencies = (
			);
			name = QBoss;
			productName = ContainersApp;
			productReference = FC60D1AD29D48E7700A2359D /* QBoss.app */;
			productType = "com.apple.product-type.application";
		};
/* End PBXNativeTarget section */

/* Begin PBXProject section */
		FC60D1A529D48E7700A2359D /* Project object */ = {
			isa = PBXProject;
			attributes = {
				BuildIndependentTargetsInParallel = 1;
				LastSwiftUpdateCheck = 1420;
				LastUpgradeCheck = 1420;
				TargetAttributes = {
					FC60D1AC29D48E7700A2359D = {
						CreatedOnToolsVersion = 14.2;
						LastSwiftMigration = 1420;
					};
				};
			};
			buildConfigurationList = FC60D1A829D48E7700A2359D /* Build configuration list for PBXProject "QBoss" */;
			compatibilityVersion = "Xcode 14.0";
			developmentRegion = en;
			hasScannedForEncodings = 0;
			knownRegions = (
				en,
				Base,
			);
			mainGroup = FC60D1A429D48E7700A2359D;
			productRefGroup = FC60D1AE29D48E7700A2359D /* Products */;
			projectDirPath = "";
			projectRoot = "";
			targets = (
				FC60D1AC29D48E7700A2359D /* QBoss */,
			);
		};
/* End PBXProject section */

/* Begin PBXResourcesBuildPhase section */
		FC60D1AB29D48E7700A2359D /* Resources */ = {
			isa = PBXResourcesBuildPhase;
			buildActionMask = 2147483647;
			files = (
				FC60D1BD29D48E7800A2359D /* LaunchScreen.storyboard in Resources */,
				FC0EABA829DC5E4100FEE645 /* containerDetection.tflite in Resources */,
				FC60D1CC29D4930C00A2359D /* Localizable.strings in Resources */,
				FC60D1BA29D48E7800A2359D /* Assets.xcassets in Resources */,
			);
			runOnlyForDeploymentPostprocessing = 0;
		};
/* End PBXResourcesBuildPhase section */

/* Begin PBXShellScriptBuildPhase section */
		272D8A48777BB94BC5DB760B /* [CP] Check Pods Manifest.lock */ = {
			isa = PBXShellScriptBuildPhase;
			buildActionMask = 2147483647;
			files = (
			);
			inputFileListPaths = (
			);
			inputPaths = (
				"${PODS_PODFILE_DIR_PATH}/Podfile.lock",
				"${PODS_ROOT}/Manifest.lock",
			);
			name = "[CP] Check Pods Manifest.lock";
			outputFileListPaths = (
			);
			outputPaths = (
				"$(DERIVED_FILE_DIR)/Pods-QBoss-checkManifestLockResult.txt",
			);
			runOnlyForDeploymentPostprocessing = 0;
			shellPath = /bin/sh;
			shellScript = "diff \"${PODS_PODFILE_DIR_PATH}/Podfile.lock\" \"${PODS_ROOT}/Manifest.lock\" > /dev/null\nif [ $? != 0 ] ; then\n    # print error to STDERR\n    echo \"error: The sandbox is not in sync with the Podfile.lock. Run 'pod install' or update your CocoaPods installation.\" >&2\n    exit 1\nfi\n# This output is used by Xcode 'outputs' to avoid re-running this script phase.\necho \"SUCCESS\" > \"${SCRIPT_OUTPUT_FILE_0}\"\n";
			showEnvVarsInLog = 0;
		};
		3EB374D57F36F626586A6E19 /* [CP] Embed Pods Frameworks */ = {
			isa = PBXShellScriptBuildPhase;
			buildActionMask = 2147483647;
			files = (
			);
			inputFileListPaths = (
				"${PODS_ROOT}/Target Support Files/Pods-QBoss/Pods-QBoss-frameworks-${CONFIGURATION}-input-files.xcfilelist",
			);
			name = "[CP] Embed Pods Frameworks";
			outputFileListPaths = (
				"${PODS_ROOT}/Target Support Files/Pods-QBoss/Pods-QBoss-frameworks-${CONFIGURATION}-output-files.xcfilelist",
			);
			runOnlyForDeploymentPostprocessing = 0;
			shellPath = /bin/sh;
			shellScript = "\"${PODS_ROOT}/Target Support Files/Pods-QBoss/Pods-QBoss-frameworks.sh\"\n";
			showEnvVarsInLog = 0;
		};
/* End PBXShellScriptBuildPhase section */

/* Begin PBXSourcesBuildPhase section */
		FC60D1A929D48E7700A2359D /* Sources */ = {
			isa = PBXSourcesBuildPhase;
			buildActionMask = 2147483647;
			files = (
				FC29031D29E064B5008FA328 /* ImageTextRecognizer.swift in Sources */,
				FC60D1FC29D5DA3D00A2359D /* String+Extension.swift in Sources */,
				FC0EABA629DC5D8B00FEE645 /* ObjectDetectionHelper.swift in Sources */,
				FC29031E29E064B5008FA328 /* ImageToTextProcessor.swift in Sources */,
				FC8091FB29D7147000D02816 /* StartHelper.swift in Sources */,
				FC8091F929D706E500D02816 /* ScanRouter.swift in Sources */,
				FC60D1D129D4939400A2359D /* XCAssets+Generated.swift in Sources */,
				FC0EABAD29DC651200FEE645 /* OverlayView.swift in Sources */,
				FC60D1EE29D5870600A2359D /* UITableView+Extension.swift in Sources */,
				FC8091F729D7055200D02816 /* ScanPresenter.swift in Sources */,
				FC8091F329D6E82300D02816 /* ContainersListRouter.swift in Sources */,
				FC60D1E129D49CA000A2359D /* WelcomeViewController.swift in Sources */,
				FC3B236829DAF25300297529 /* ContainersList.swift in Sources */,
				FC80920229D8883C00D02816 /* AlertActions.swift in Sources */,
				FC60D1DF29D49CA000A2359D /* WelcomePresenter.swift in Sources */,
				FC60D1F229D58B1500A2359D /* ScannedContainerModel.swift in Sources */,
				FCF74F1D29DB567E00A64908 /* UserDefault+Extension.swift in Sources */,
				FC8091F529D6EB6F00D02816 /* CameraFeedManager.swift in Sources */,
				FC60D1F029D58A7600A2359D /* ScannedContainerTableViewCell.swift in Sources */,
				FC60D1F829D5B7BD00A2359D /* ContainersListPresenter.swift in Sources */,
				FC0E1CA429DEF545002EA33D /* DetectionProcessorHelper.swift in Sources */,
				FC60D1B129D48E7700A2359D /* AppDelegate.swift in Sources */,
				FCF74F1B29DB555F00A64908 /* PermissionManager.swift in Sources */,
				FCD6ACBB29E56C440021D9A3 /* ContainerBoundingBoxModel.swift in Sources */,
				FC3B236B29DB116C00297529 /* EndpointsTextField.swift in Sources */,
				FC0121C129DD7DC2004D0B1A /* BoundingBoxCalculator.swift in Sources */,
				FC60D1F429D5AFBA00A2359D /* Images.swift in Sources */,
				FC29031C29E064B5008FA328 /* OpenCVWrapper.mm in Sources */,
				FC87D36729E6B28400F63532 /* CISValidator.swift in Sources */,
				FC0EABAA29DC608F00FEE645 /* TFManger.swift in Sources */,
				FC0121C329DD803D004D0B1A /* Fonts.swift in Sources */,
				FC0E1CA729DF506A002EA33D /* ScanScreenProtocols.swift in Sources */,
				FC60D1E029D49CA000A2359D /* WelcomeRouter.swift in Sources */,
				FC60D1D029D4939400A2359D /* Strings+Generated.swift in Sources */,
				FC8091F129D6E6EB00D02816 /* PreviewView.swift in Sources */,
				FC60D1B329D48E7700A2359D /* SceneDelegate.swift in Sources */,
				FC60D1E429D4DD5200A2359D /* ScanViewController.swift in Sources */,
				FC60D1E729D4ED4F00A2359D /* ContainersListViewController.swift in Sources */,
			);
			runOnlyForDeploymentPostprocessing = 0;
		};
/* End PBXSourcesBuildPhase section */

/* Begin PBXVariantGroup section */
		FC60D1BB29D48E7800A2359D /* LaunchScreen.storyboard */ = {
			isa = PBXVariantGroup;
			children = (
				FC60D1BC29D48E7800A2359D /* Base */,
			);
			name = LaunchScreen.storyboard;
			sourceTree = "<group>";
		};
/* End PBXVariantGroup section */

/* Begin XCBuildConfiguration section */
		FC60D1BF29D48E7800A2359D /* Debug */ = {
			isa = XCBuildConfiguration;
			buildSettings = {
				ALWAYS_SEARCH_USER_PATHS = NO;
				CLANG_ANALYZER_NONNULL = YES;
				CLANG_ANALYZER_NUMBER_OBJECT_CONVERSION = YES_AGGRESSIVE;
				CLANG_CXX_LANGUAGE_STANDARD = "gnu++20";
				CLANG_ENABLE_MODULES = YES;
				CLANG_ENABLE_OBJC_ARC = YES;
				CLANG_ENABLE_OBJC_WEAK = YES;
				CLANG_WARN_BLOCK_CAPTURE_AUTORELEASING = YES;
				CLANG_WARN_BOOL_CONVERSION = YES;
				CLANG_WARN_COMMA = YES;
				CLANG_WARN_CONSTANT_CONVERSION = YES;
				CLANG_WARN_DEPRECATED_OBJC_IMPLEMENTATIONS = YES;
				CLANG_WARN_DIRECT_OBJC_ISA_USAGE = YES_ERROR;
				CLANG_WARN_DOCUMENTATION_COMMENTS = YES;
				CLANG_WARN_EMPTY_BODY = YES;
				CLANG_WARN_ENUM_CONVERSION = YES;
				CLANG_WARN_INFINITE_RECURSION = YES;
				CLANG_WARN_INT_CONVERSION = YES;
				CLANG_WARN_NON_LITERAL_NULL_CONVERSION = YES;
				CLANG_WARN_OBJC_IMPLICIT_RETAIN_SELF = YES;
				CLANG_WARN_OBJC_LITERAL_CONVERSION = YES;
				CLANG_WARN_OBJC_ROOT_CLASS = YES_ERROR;
				CLANG_WARN_QUOTED_INCLUDE_IN_FRAMEWORK_HEADER = YES;
				CLANG_WARN_RANGE_LOOP_ANALYSIS = YES;
				CLANG_WARN_STRICT_PROTOTYPES = YES;
				CLANG_WARN_SUSPICIOUS_MOVE = YES;
				CLANG_WARN_UNGUARDED_AVAILABILITY = YES_AGGRESSIVE;
				CLANG_WARN_UNREACHABLE_CODE = YES;
				CLANG_WARN__DUPLICATE_METHOD_MATCH = YES;
				COPY_PHASE_STRIP = NO;
				DEBUG_INFORMATION_FORMAT = dwarf;
				ENABLE_STRICT_OBJC_MSGSEND = YES;
				ENABLE_TESTABILITY = YES;
				GCC_C_LANGUAGE_STANDARD = gnu11;
				GCC_DYNAMIC_NO_PIC = NO;
				GCC_NO_COMMON_BLOCKS = YES;
				GCC_OPTIMIZATION_LEVEL = 0;
				GCC_PREPROCESSOR_DEFINITIONS = (
					"DEBUG=1",
					"$(inherited)",
				);
				GCC_WARN_64_TO_32_BIT_CONVERSION = YES;
				GCC_WARN_ABOUT_RETURN_TYPE = YES_ERROR;
				GCC_WARN_UNDECLARED_SELECTOR = YES;
				GCC_WARN_UNINITIALIZED_AUTOS = YES_AGGRESSIVE;
				GCC_WARN_UNUSED_FUNCTION = YES;
				GCC_WARN_UNUSED_VARIABLE = YES;
				IPHONEOS_DEPLOYMENT_TARGET = 16.2;
				MTL_ENABLE_DEBUG_INFO = INCLUDE_SOURCE;
				MTL_FAST_MATH = YES;
				ONLY_ACTIVE_ARCH = YES;
				SDKROOT = iphoneos;
				SWIFT_ACTIVE_COMPILATION_CONDITIONS = DEBUG;
				SWIFT_OBJC_BRIDGING_HEADER = "";
				SWIFT_OPTIMIZATION_LEVEL = "-Onone";
			};
			name = Debug;
		};
		FC60D1C029D48E7800A2359D /* Release */ = {
			isa = XCBuildConfiguration;
			buildSettings = {
				ALWAYS_SEARCH_USER_PATHS = NO;
				CLANG_ANALYZER_NONNULL = YES;
				CLANG_ANALYZER_NUMBER_OBJECT_CONVERSION = YES_AGGRESSIVE;
				CLANG_CXX_LANGUAGE_STANDARD = "gnu++20";
				CLANG_ENABLE_MODULES = YES;
				CLANG_ENABLE_OBJC_ARC = YES;
				CLANG_ENABLE_OBJC_WEAK = YES;
				CLANG_WARN_BLOCK_CAPTURE_AUTORELEASING = YES;
				CLANG_WARN_BOOL_CONVERSION = YES;
				CLANG_WARN_COMMA = YES;
				CLANG_WARN_CONSTANT_CONVERSION = YES;
				CLANG_WARN_DEPRECATED_OBJC_IMPLEMENTATIONS = YES;
				CLANG_WARN_DIRECT_OBJC_ISA_USAGE = YES_ERROR;
				CLANG_WARN_DOCUMENTATION_COMMENTS = YES;
				CLANG_WARN_EMPTY_BODY = YES;
				CLANG_WARN_ENUM_CONVERSION = YES;
				CLANG_WARN_INFINITE_RECURSION = YES;
				CLANG_WARN_INT_CONVERSION = YES;
				CLANG_WARN_NON_LITERAL_NULL_CONVERSION = YES;
				CLANG_WARN_OBJC_IMPLICIT_RETAIN_SELF = YES;
				CLANG_WARN_OBJC_LITERAL_CONVERSION = YES;
				CLANG_WARN_OBJC_ROOT_CLASS = YES_ERROR;
				CLANG_WARN_QUOTED_INCLUDE_IN_FRAMEWORK_HEADER = YES;
				CLANG_WARN_RANGE_LOOP_ANALYSIS = YES;
				CLANG_WARN_STRICT_PROTOTYPES = YES;
				CLANG_WARN_SUSPICIOUS_MOVE = YES;
				CLANG_WARN_UNGUARDED_AVAILABILITY = YES_AGGRESSIVE;
				CLANG_WARN_UNREACHABLE_CODE = YES;
				CLANG_WARN__DUPLICATE_METHOD_MATCH = YES;
				COPY_PHASE_STRIP = NO;
				DEBUG_INFORMATION_FORMAT = "dwarf-with-dsym";
				ENABLE_NS_ASSERTIONS = NO;
				ENABLE_STRICT_OBJC_MSGSEND = YES;
				GCC_C_LANGUAGE_STANDARD = gnu11;
				GCC_NO_COMMON_BLOCKS = YES;
				GCC_WARN_64_TO_32_BIT_CONVERSION = YES;
				GCC_WARN_ABOUT_RETURN_TYPE = YES_ERROR;
				GCC_WARN_UNDECLARED_SELECTOR = YES;
				GCC_WARN_UNINITIALIZED_AUTOS = YES_AGGRESSIVE;
				GCC_WARN_UNUSED_FUNCTION = YES;
				GCC_WARN_UNUSED_VARIABLE = YES;
				IPHONEOS_DEPLOYMENT_TARGET = 16.2;
				MTL_ENABLE_DEBUG_INFO = NO;
				MTL_FAST_MATH = YES;
				SDKROOT = iphoneos;
				SWIFT_COMPILATION_MODE = wholemodule;
				SWIFT_OBJC_BRIDGING_HEADER = "";
				SWIFT_OPTIMIZATION_LEVEL = "-O";
				VALIDATE_PRODUCT = YES;
			};
			name = Release;
		};
		FC60D1C229D48E7800A2359D /* Debug */ = {
			isa = XCBuildConfiguration;
			baseConfigurationReference = F987E87F423FFE560C796D4C /* Pods-QBoss.debug.xcconfig */;
			buildSettings = {
				ASSETCATALOG_COMPILER_APPICON_NAME = AppIcon;
				ASSETCATALOG_COMPILER_GLOBAL_ACCENT_COLOR_NAME = AccentColor;
				CLANG_ENABLE_MODULES = YES;
				"CODE_SIGN_IDENTITY[sdk=iphoneos*]" = "iPhone Developer";
				CODE_SIGN_STYLE = Manual;
				CURRENT_PROJECT_VERSION = 1;
				DEVELOPMENT_TEAM = "";
				"DEVELOPMENT_TEAM[sdk=iphoneos*]" = J8VM9NVFDC;
				GENERATE_INFOPLIST_FILE = YES;
				INFOPLIST_FILE = QBoss/Info.plist;
				INFOPLIST_KEY_NSCameraUsageDescription = "App needs access to your camera to scan serial numbers on containers";
				INFOPLIST_KEY_NSLocationWhenInUseUsageDescription = "We need access to your device's location. This will allow us to accurately record the location where each container ID was recognized";
				INFOPLIST_KEY_UIApplicationSupportsIndirectInputEvents = YES;
				INFOPLIST_KEY_UILaunchStoryboardName = LaunchScreen;
				INFOPLIST_KEY_UISupportedInterfaceOrientations = UIInterfaceOrientationPortrait;
				INFOPLIST_KEY_UISupportedInterfaceOrientations_iPad = "UIInterfaceOrientationLandscapeLeft UIInterfaceOrientationLandscapeRight UIInterfaceOrientationPortrait UIInterfaceOrientationPortraitUpsideDown";
				IPHONEOS_DEPLOYMENT_TARGET = 15.0;
				LD_RUNPATH_SEARCH_PATHS = (
					"$(inherited)",
					"@executable_path/Frameworks",
				);
				MARKETING_VERSION = 1.0;
				PRODUCT_BUNDLE_IDENTIFIER = com.8allocate.QBoss;
				PRODUCT_NAME = "$(TARGET_NAME)";
				PROVISIONING_PROFILE_SPECIFIER = "";
				"PROVISIONING_PROFILE_SPECIFIER[sdk=iphoneos*]" = "Valentin Velichko Wildcard";
				SUPPORTED_PLATFORMS = "iphoneos iphonesimulator";
				SUPPORTS_MACCATALYST = NO;
				SUPPORTS_MAC_DESIGNED_FOR_IPHONE_IPAD = NO;
				SWIFT_EMIT_LOC_STRINGS = YES;
				SWIFT_OBJC_BRIDGING_HEADER = QBoss/OpenCV/BridgingHeader.h;
				SWIFT_OPTIMIZATION_LEVEL = "-Onone";
				SWIFT_VERSION = 5.0;
				TARGETED_DEVICE_FAMILY = 1;
			};
			name = Debug;
		};
		FC60D1C329D48E7800A2359D /* Release */ = {
			isa = XCBuildConfiguration;
			baseConfigurationReference = 452300851C88202814E220B1 /* Pods-QBoss.release.xcconfig */;
			buildSettings = {
				ASSETCATALOG_COMPILER_APPICON_NAME = AppIcon;
				ASSETCATALOG_COMPILER_GLOBAL_ACCENT_COLOR_NAME = AccentColor;
				CLANG_ENABLE_MODULES = YES;
				"CODE_SIGN_IDENTITY[sdk=iphoneos*]" = "iPhone Developer";
				CODE_SIGN_STYLE = Manual;
				CURRENT_PROJECT_VERSION = 1;
				DEVELOPMENT_TEAM = "";
				"DEVELOPMENT_TEAM[sdk=iphoneos*]" = J8VM9NVFDC;
				GENERATE_INFOPLIST_FILE = YES;
				INFOPLIST_FILE = QBoss/Info.plist;
				INFOPLIST_KEY_NSCameraUsageDescription = "App needs access to your camera to scan serial numbers on containers";
				INFOPLIST_KEY_NSLocationWhenInUseUsageDescription = "We need access to your device's location. This will allow us to accurately record the location where each container ID was recognized";
				INFOPLIST_KEY_UIApplicationSupportsIndirectInputEvents = YES;
				INFOPLIST_KEY_UILaunchStoryboardName = LaunchScreen;
				INFOPLIST_KEY_UISupportedInterfaceOrientations = UIInterfaceOrientationPortrait;
				INFOPLIST_KEY_UISupportedInterfaceOrientations_iPad = "UIInterfaceOrientationLandscapeLeft UIInterfaceOrientationLandscapeRight UIInterfaceOrientationPortrait UIInterfaceOrientationPortraitUpsideDown";
				IPHONEOS_DEPLOYMENT_TARGET = 15.0;
				LD_RUNPATH_SEARCH_PATHS = (
					"$(inherited)",
					"@executable_path/Frameworks",
				);
				MARKETING_VERSION = 1.0;
				PRODUCT_BUNDLE_IDENTIFIER = com.8allocate.QBoss;
				PRODUCT_NAME = "$(TARGET_NAME)";
				PROVISIONING_PROFILE_SPECIFIER = "";
				"PROVISIONING_PROFILE_SPECIFIER[sdk=iphoneos*]" = "Valentin Velichko Wildcard";
				SUPPORTED_PLATFORMS = "iphoneos iphonesimulator";
				SUPPORTS_MACCATALYST = NO;
				SUPPORTS_MAC_DESIGNED_FOR_IPHONE_IPAD = NO;
				SWIFT_EMIT_LOC_STRINGS = YES;
				SWIFT_OBJC_BRIDGING_HEADER = QBoss/OpenCV/BridgingHeader.h;
				SWIFT_VERSION = 5.0;
				TARGETED_DEVICE_FAMILY = 1;
			};
			name = Release;
		};
/* End XCBuildConfiguration section */

/* Begin XCConfigurationList section */
		FC60D1A829D48E7700A2359D /* Build configuration list for PBXProject "QBoss" */ = {
			isa = XCConfigurationList;
			buildConfigurations = (
				FC60D1BF29D48E7800A2359D /* Debug */,
				FC60D1C029D48E7800A2359D /* Release */,
			);
			defaultConfigurationIsVisible = 0;
			defaultConfigurationName = Release;
		};
		FC60D1C129D48E7800A2359D /* Build configuration list for PBXNativeTarget "QBoss" */ = {
			isa = XCConfigurationList;
			buildConfigurations = (
				FC60D1C229D48E7800A2359D /* Debug */,
				FC60D1C329D48E7800A2359D /* Release */,
			);
			defaultConfigurationIsVisible = 0;
			defaultConfigurationName = Release;
		};
/* End XCConfigurationList section */
	};
	rootObject = FC60D1A529D48E7700A2359D /* Project object */;
}
